
Microsoft Visual Studio Solution File, Format Version 12.00
# Visual Studio Version 17
VisualStudioVersion = 17.8.34525.116
MinimumVisualStudioVersion = 10.0.40219.1
Project("{FAE04EC0-301F-11D3-BF4B-00C04F79EFBC}") = "eQz-Pro", "eQz-Pro\eQz-Pro.csproj", "{E6A175A1-777E-43BA-BEE0-7AFA94F70A65}"
EndProject
Global
	GlobalSection(SolutionConfigurationPlatforms) = preSolution
		Debug|Any CPU = Debug|Any CPU
		Release|Any CPU = Release|Any CPU
	EndGlobalSection
	GlobalSection(ProjectConfigurationPlatforms) = postSolution
		{E6A175A1-777E-43BA-BEE0-7AFA94F70A65}.Debug|Any CPU.ActiveCfg = Debug|Any CPU
		{E6A175A1-777E-43BA-BEE0-7AFA94F70A65}.Debug|Any CPU.Build.0 = Debug|Any CPU
		{E6A175A1-777E-43BA-BEE0-7AFA94F70A65}.Release|Any CPU.ActiveCfg = Release|Any CPU
		{E6A175A1-777E-43BA-BEE0-7AFA94F70A65}.Release|Any CPU.Build.0 = Release|Any CPU
	EndGlobalSection
	GlobalSection(SolutionProperties) = preSolution
		HideSolutionNode = FALSE
	EndGlobalSection
	GlobalSection(ExtensibilityGlobals) = postSolution
		SolutionGuid = {AC5FEEBF-463D-4AB7-A4A0-2AA55ED605FD}
	EndGlobalSection
EndGlobal
